
Microsoft Visual Studio Solution File, Format Version 12.00
# Visual Studio Version 16
VisualStudioVersion = 16.0.32802.440
MinimumVisualStudioVersion = 10.0.40219.1
Project("{FAE04EC0-301F-11D3-BF4B-00C04F79EFBC}") = "BallBadminton_Helper.Android", "BallBadminton_Helper.Android\BallBadminton_Helper.Android.csproj", "{ED89194B-D568-4E54-B727-71E59957CCD1}"
EndProject
Project("{FAE04EC0-301F-11D3-BF4B-00C04F79EFBC}") = "BallBadminton_Helper.iOS", "BallBadminton_Helper.iOS\BallBadminton_Helper.iOS.csproj", "{EA9C6273-52B4-4E68-BAEA-0E27B2A6C8B0}"
EndProject
Project("{FAE04EC0-301F-11D3-BF4B-00C04F79EFBC}") = "BallBadminton_Helper", "BallBadminton_Helper\BallBadminton_Helper.csproj", "{A84CC164-7867-49EB-9B03-EE9034F95E5A}"
EndProject
Global
	GlobalSection(SolutionConfigurationPlatforms) = preSolution
		Debug|Any CPU = Debug|Any CPU
		Debug|iPhone = Debug|iPhone
		Debug|iPhoneSimulator = Debug|iPhoneSimulator
		Release|Any CPU = Release|Any CPU
		Release|iPhone = Release|iPhone
		Release|iPhoneSimulator = Release|iPhoneSimulator
	EndGlobalSection
	GlobalSection(ProjectConfigurationPlatforms) = postSolution
		{ED89194B-D568-4E54-B727-71E59957CCD1}.Debug|Any CPU.ActiveCfg = Debug|Any CPU
		{ED89194B-D568-4E54-B727-71E59957CCD1}.Debug|Any CPU.Build.0 = Debug|Any CPU
		{ED89194B-D568-4E54-B727-71E59957CCD1}.Debug|Any CPU.Deploy.0 = Debug|Any CPU
		{ED89194B-D568-4E54-B727-71E59957CCD1}.Debug|iPhone.ActiveCfg = Debug|Any CPU
		{ED89194B-D568-4E54-B727-71E59957CCD1}.Debug|iPhone.Build.0 = Debug|Any CPU
		{ED89194B-D568-4E54-B727-71E59957CCD1}.Debug|iPhone.Deploy.0 = Debug|Any CPU
		{ED89194B-D568-4E54-B727-71E59957CCD1}.Debug|iPhoneSimulator.ActiveCfg = Debug|Any CPU
		{ED89194B-D568-4E54-B727-71E59957CCD1}.Debug|iPhoneSimulator.Build.0 = Debug|Any CPU
		{ED89194B-D568-4E54-B727-71E59957CCD1}.Debug|iPhoneSimulator.Deploy.0 = Debug|Any CPU
		{ED89194B-D568-4E54-B727-71E59957CCD1}.Release|Any CPU.ActiveCfg = Release|Any CPU
		{ED89194B-D568-4E54-B727-71E59957CCD1}.Release|Any CPU.Build.0 = Release|Any CPU
		{ED89194B-D568-4E54-B727-71E59957CCD1}.Release|Any CPU.Deploy.0 = Release|Any CPU
		{ED89194B-D568-4E54-B727-71E59957CCD1}.Release|iPhone.ActiveCfg = Release|Any CPU
		{ED89194B-D568-4E54-B727-71E59957CCD1}.Release|iPhone.Build.0 = Release|Any CPU
		{ED89194B-D568-4E54-B727-71E59957CCD1}.Release|iPhone.Deploy.0 = Release|Any CPU
		{ED89194B-D568-4E54-B727-71E59957CCD1}.Release|iPhoneSimulator.ActiveCfg = Release|Any CPU
		{ED89194B-D568-4E54-B727-71E59957CCD1}.Release|iPhoneSimulator.Build.0 = Release|Any CPU
		{ED89194B-D568-4E54-B727-71E59957CCD1}.Release|iPhoneSimulator.Deploy.0 = Release|Any CPU
		{EA9C6273-52B4-4E68-BAEA-0E27B2A6C8B0}.Debug|Any CPU.ActiveCfg = Debug|iPhone
		{EA9C6273-52B4-4E68-BAEA-0E27B2A6C8B0}.Debug|Any CPU.Build.0 = Debug|iPhone
		{EA9C6273-52B4-4E68-BAEA-0E27B2A6C8B0}.Debug|Any CPU.Deploy.0 = Debug|iPhone
		{EA9C6273-52B4-4E68-BAEA-0E27B2A6C8B0}.Debug|iPhone.ActiveCfg = Debug|iPhone
		{EA9C6273-52B4-4E68-BAEA-0E27B2A6C8B0}.Debug|iPhone.Build.0 = Debug|iPhone
		{EA9C6273-52B4-4E68-BAEA-0E27B2A6C8B0}.Debug|iPhone.Deploy.0 = Debug|iPhone
		{EA9C6273-52B4-4E68-BAEA-0E27B2A6C8B0}.Debug|iPhoneSimulator.ActiveCfg = Debug|iPhoneSimulator
		{EA9C6273-52B4-4E68-BAEA-0E27B2A6C8B0}.Debug|iPhoneSimulator.Build.0 = Debug|iPhoneSimulator
		{EA9C6273-52B4-4E68-BAEA-0E27B2A6C8B0}.Debug|iPhoneSimulator.Deploy.0 = Debug|iPhoneSimulator
		{EA9C6273-52B4-4E68-BAEA-0E27B2A6C8B0}.Release|Any CPU.ActiveCfg = Release|iPhoneSimulator
		{EA9C6273-52B4-4E68-BAEA-0E27B2A6C8B0}.Release|Any CPU.Build.0 = Release|iPhoneSimulator
		{EA9C6273-52B4-4E68-BAEA-0E27B2A6C8B0}.Release|Any CPU.Deploy.0 = Release|iPhoneSimulator
		{EA9C6273-52B4-4E68-BAEA-0E27B2A6C8B0}.Release|iPhone.ActiveCfg = Release|iPhone
		{EA9C6273-52B4-4E68-BAEA-0E27B2A6C8B0}.Release|iPhone.Build.0 = Release|iPhone
		{EA9C6273-52B4-4E68-BAEA-0E27B2A6C8B0}.Release|iPhone.Deploy.0 = Release|iPhone
		{EA9C6273-52B4-4E68-BAEA-0E27B2A6C8B0}.Release|iPhoneSimulator.ActiveCfg = Release|iPhoneSimulator
		{EA9C6273-52B4-4E68-BAEA-0E27B2A6C8B0}.Release|iPhoneSimulator.Build.0 = Release|iPhoneSimulator
		{EA9C6273-52B4-4E68-BAEA-0E27B2A6C8B0}.Release|iPhoneSimulator.Deploy.0 = Release|iPhoneSimulator
		{A84CC164-7867-49EB-9B03-EE9034F95E5A}.Debug|Any CPU.ActiveCfg = Debug|Any CPU
		{A84CC164-7867-49EB-9B03-EE9034F95E5A}.Debug|Any CPU.Build.0 = Debug|Any CPU
		{A84CC164-7867-49EB-9B03-EE9034F95E5A}.Debug|Any CPU.Deploy.0 = Debug|Any CPU
		{A84CC164-7867-49EB-9B03-EE9034F95E5A}.Debug|iPhone.ActiveCfg = Debug|Any CPU
		{A84CC164-7867-49EB-9B03-EE9034F95E5A}.Debug|iPhone.Build.0 = Debug|Any CPU
		{A84CC164-7867-49EB-9B03-EE9034F95E5A}.Debug|iPhone.Deploy.0 = Debug|Any CPU
		{A84CC164-7867-49EB-9B03-EE9034F95E5A}.Debug|iPhoneSimulator.ActiveCfg = Debug|Any CPU
		{A84CC164-7867-49EB-9B03-EE9034F95E5A}.Debug|iPhoneSimulator.Build.0 = Debug|Any CPU
		{A84CC164-7867-49EB-9B03-EE9034F95E5A}.Debug|iPhoneSimulator.Deploy.0 = Debug|Any CPU
		{A84CC164-7867-49EB-9B03-EE9034F95E5A}.Release|Any CPU.ActiveCfg = Release|Any CPU
		{A84CC164-7867-49EB-9B03-EE9034F95E5A}.Release|Any CPU.Build.0 = Release|Any CPU
		{A84CC164-7867-49EB-9B03-EE9034F95E5A}.Release|Any CPU.Deploy.0 = Release|Any CPU
		{A84CC164-7867-49EB-9B03-EE9034F95E5A}.Release|iPhone.ActiveCfg = Release|Any CPU
		{A84CC164-7867-49EB-9B03-EE9034F95E5A}.Release|iPhone.Build.0 = Release|Any CPU
		{A84CC164-7867-49EB-9B03-EE9034F95E5A}.Release|iPhone.Deploy.0 = Release|Any CPU
		{A84CC164-7867-49EB-9B03-EE9034F95E5A}.Release|iPhoneSimulator.ActiveCfg = Release|Any CPU
		{A84CC164-7867-49EB-9B03-EE9034F95E5A}.Release|iPhoneSimulator.Build.0 = Release|Any CPU
		{A84CC164-7867-49EB-9B03-EE9034F95E5A}.Release|iPhoneSimulator.Deploy.0 = Release|Any CPU
	EndGlobalSection
	GlobalSection(SolutionProperties) = preSolution
		HideSolutionNode = FALSE
	EndGlobalSection
	GlobalSection(ExtensibilityGlobals) = postSolution
		SolutionGuid = {2940E34E-3BEE-4326-A581-9C841A11A243}
	EndGlobalSection
EndGlobal
